{
  "pins" : [
    {
      "identity" : "sdwebimage",
      "kind" : "remoteSourceControl",
      "location" : "https://github.com/SDWebImage/SDWebImage.git",
      "state" : {
        "branch" : "master",
        "revision" : "0b661344fe83e1c8e3d8716527f727ee6210260c"
      }
    }
  ],
  "version" : 2
}
