// !$*UTF8*$!
{
	archiveVersion = 1;
	classes = {
	};
	objectVersion = 55;
	objects = {

/* Begin PBXBuildFile section */
		3557D860281D8899007218FB /* CollectionViewTableViewCell.swift in Sources */ = {isa = PBXBuildFile; fileRef = 3557D85F281D8899007218FB /* CollectionViewTableViewCell.swift */; };
		3557D862281D90BD007218FB /* HeroHeaderUIView.swift in Sources */ = {isa = PBXBuildFile; fileRef = 3557D861281D90BD007218FB /* HeroHeaderUIView.swift */; };
		3557D864281E7A73007218FB /* APIService.swift in Sources */ = {isa = PBXBuildFile; fileRef = 3557D863281E7A73007218FB /* APIService.swift */; };
		358C10702807174A000D7782 /* AppDelegate.swift in Sources */ = {isa = PBXBuildFile; fileRef = 358C106F2807174A000D7782 /* AppDelegate.swift */; };
		358C10722807174A000D7782 /* SceneDelegate.swift in Sources */ = {isa = PBXBuildFile; fileRef = 358C10712807174A000D7782 /* SceneDelegate.swift */; };
		358C10742807174A000D7782 /* MainTabBarViewController.swift in Sources */ = {isa = PBXBuildFile; fileRef = 358C10732807174A000D7782 /* MainTabBarViewController.swift */; };
		358C10792807174D000D7782 /* Assets.xcassets in Resources */ = {isa = PBXBuildFile; fileRef = 358C10782807174D000D7782 /* Assets.xcassets */; };
		358C107C2807174D000D7782 /* LaunchScreen.storyboard in Resources */ = {isa = PBXBuildFile; fileRef = 358C107A2807174D000D7782 /* LaunchScreen.storyboard */; };
		35A739EF28081343001070F0 /* HomeViewController.swift in Sources */ = {isa = PBXBuildFile; fileRef = 35A739EE28081343001070F0 /* HomeViewController.swift */; };
		35A739F12808140A001070F0 /* UpcomingViewController.swift in Sources */ = {isa = PBXBuildFile; fileRef = 35A739F02808140A001070F0 /* UpcomingViewController.swift */; };
		35A739F328081421001070F0 /* SearchViewController.swift in Sources */ = {isa = PBXBuildFile; fileRef = 35A739F228081421001070F0 /* SearchViewController.swift */; };
		35A739F528081457001070F0 /* DownLoadViewController.swift in Sources */ = {isa = PBXBuildFile; fileRef = 35A739F428081457001070F0 /* DownLoadViewController.swift */; };
		35D36AA2282BDA3E0032BEE4 /* MovieData.swift in Sources */ = {isa = PBXBuildFile; fileRef = 35D36AA1282BDA3E0032BEE4 /* MovieData.swift */; };
		35D36AA4282CBA320032BEE4 /* Extensions.swift in Sources */ = {isa = PBXBuildFile; fileRef = 35D36AA3282CBA320032BEE4 /* Extensions.swift */; };
		35D36AA6282D16750032BEE4 /* TVData.swift in Sources */ = {isa = PBXBuildFile; fileRef = 35D36AA5282D16750032BEE4 /* TVData.swift */; };
/* End PBXBuildFile section */

/* Begin PBXFileReference section */
		3557D85F281D8899007218FB /* CollectionViewTableViewCell.swift */ = {isa = PBXFileReference; lastKnownFileType = sourcecode.swift; path = CollectionViewTableViewCell.swift; sourceTree = "<group>"; };
		3557D861281D90BD007218FB /* HeroHeaderUIView.swift */ = {isa = PBXFileReference; lastKnownFileType = sourcecode.swift; path = HeroHeaderUIView.swift; sourceTree = "<group>"; };
		3557D863281E7A73007218FB /* APIService.swift */ = {isa = PBXFileReference; lastKnownFileType = sourcecode.swift; path = APIService.swift; sourceTree = "<group>"; };
		358C106C2807174A000D7782 /* Netfilx Clone.app */ = {isa = PBXFileReference; explicitFileType = wrapper.application; includeInIndex = 0; path = "Netfilx Clone.app"; sourceTree = BUILT_PRODUCTS_DIR; };
		358C106F2807174A000D7782 /* AppDelegate.swift */ = {isa = PBXFileReference; lastKnownFileType = sourcecode.swift; path = AppDelegate.swift; sourceTree = "<group>"; };
		358C10712807174A000D7782 /* SceneDelegate.swift */ = {isa = PBXFileReference; lastKnownFileType = sourcecode.swift; path = SceneDelegate.swift; sourceTree = "<group>"; };
		358C10732807174A000D7782 /* MainTabBarViewController.swift */ = {isa = PBXFileReference; lastKnownFileType = sourcecode.swift; path = MainTabBarViewController.swift; sourceTree = "<group>"; };
		358C10782807174D000D7782 /* Assets.xcassets */ = {isa = PBXFileReference; lastKnownFileType = folder.assetcatalog; path = Assets.xcassets; sourceTree = "<group>"; };
		358C107B2807174D000D7782 /* Base */ = {isa = PBXFileReference; lastKnownFileType = file.storyboard; name = Base; path = Base.lproj/LaunchScreen.storyboard; sourceTree = "<group>"; };
		358C107D2807174D000D7782 /* Info.plist */ = {isa = PBXFileReference; lastKnownFileType = text.plist.xml; path = Info.plist; sourceTree = "<group>"; };
		35A739EE28081343001070F0 /* HomeViewController.swift */ = {isa = PBXFileReference; lastKnownFileType = sourcecode.swift; path = HomeViewController.swift; sourceTree = "<group>"; };
		35A739F02808140A001070F0 /* UpcomingViewController.swift */ = {isa = PBXFileReference; lastKnownFileType = sourcecode.swift; path = UpcomingViewController.swift; sourceTree = "<group>"; };
		35A739F228081421001070F0 /* SearchViewController.swift */ = {isa = PBXFileReference; lastKnownFileType = sourcecode.swift; path = SearchViewController.swift; sourceTree = "<group>"; };
		35A739F428081457001070F0 /* DownLoadViewController.swift */ = {isa = PBXFileReference; lastKnownFileType = sourcecode.swift; path = DownLoadViewController.swift; sourceTree = "<group>"; };
		35D36AA1282BDA3E0032BEE4 /* MovieData.swift */ = {isa = PBXFileReference; lastKnownFileType = sourcecode.swift; path = MovieData.swift; sourceTree = "<group>"; };
		35D36AA3282CBA320032BEE4 /* Extensions.swift */ = {isa = PBXFileReference; lastKnownFileType = sourcecode.swift; path = Extensions.swift; sourceTree = "<group>"; };
		35D36AA5282D16750032BEE4 /* TVData.swift */ = {isa = PBXFileReference; lastKnownFileType = sourcecode.swift; path = TVData.swift; sourceTree = "<group>"; };
/* End PBXFileReference section */

/* Begin PBXFrameworksBuildPhase section */
		358C10692807174A000D7782 /* Frameworks */ = {
			isa = PBXFrameworksBuildPhase;
			buildActionMask = 2147483647;
			files = (
			);
			runOnlyForDeploymentPostprocessing = 0;
		};
/* End PBXFrameworksBuildPhase section */

/* Begin PBXGroup section */
		3557D85A281D8818007218FB /* Views */ = {
			isa = PBXGroup;
			children = (
				3557D85F281D8899007218FB /* CollectionViewTableViewCell.swift */,
				3557D861281D90BD007218FB /* HeroHeaderUIView.swift */,
			);
			path = Views;
			sourceTree = "<group>";
		};
		3557D85B281D881D007218FB /* ViewModels */ = {
			isa = PBXGroup;
			children = (
			);
			path = ViewModels;
			sourceTree = "<group>";
		};
		3557D85C281D8825007218FB /* Models */ = {
			isa = PBXGroup;
			children = (
				35D36AA1282BDA3E0032BEE4 /* MovieData.swift */,
				35D36AA5282D16750032BEE4 /* TVData.swift */,
			);
			path = Models;
			sourceTree = "<group>";
		};
		3557D85D281D885A007218FB /* Resources */ = {
			isa = PBXGroup;
			children = (
				35D36AA3282CBA320032BEE4 /* Extensions.swift */,
			);
			path = Resources;
			sourceTree = "<group>";
		};
		3557D85E281D8860007218FB /* Managers */ = {
			isa = PBXGroup;
			children = (
				3557D863281E7A73007218FB /* APIService.swift */,
			);
			path = Managers;
			sourceTree = "<group>";
		};
		358C10632807174A000D7782 = {
			isa = PBXGroup;
			children = (
				358C106E2807174A000D7782 /* Netfilx Clone */,
				358C106D2807174A000D7782 /* Products */,
			);
			sourceTree = "<group>";
		};
		358C106D2807174A000D7782 /* Products */ = {
			isa = PBXGroup;
			children = (
				358C106C2807174A000D7782 /* Netfilx Clone.app */,
			);
			name = Products;
			sourceTree = "<group>";
		};
		358C106E2807174A000D7782 /* Netfilx Clone */ = {
			isa = PBXGroup;
			children = (
				3557D85E281D8860007218FB /* Managers */,
				3557D85D281D885A007218FB /* Resources */,
				3557D85C281D8825007218FB /* Models */,
				3557D85A281D8818007218FB /* Views */,
				3557D85B281D881D007218FB /* ViewModels */,
				35A739ED28081327001070F0 /* Controllers */,
				358C10732807174A000D7782 /* MainTabBarViewController.swift */,
				358C106F2807174A000D7782 /* AppDelegate.swift */,
				358C10712807174A000D7782 /* SceneDelegate.swift */,
				358C10782807174D000D7782 /* Assets.xcassets */,
				358C107A2807174D000D7782 /* LaunchScreen.storyboard */,
				358C107D2807174D000D7782 /* Info.plist */,
			);
			path = "Netfilx Clone";
			sourceTree = "<group>";
		};
		35A739ED28081327001070F0 /* Controllers */ = {
			isa = PBXGroup;
			children = (
				35A739EE28081343001070F0 /* HomeViewController.swift */,
				35A739F02808140A001070F0 /* UpcomingViewController.swift */,
				35A739F228081421001070F0 /* SearchViewController.swift */,
				35A739F428081457001070F0 /* DownLoadViewController.swift */,
			);
			path = Controllers;
			sourceTree = "<group>";
		};
/* End PBXGroup section */

/* Begin PBXNativeTarget section */
		358C106B2807174A000D7782 /* Netfilx Clone */ = {
			isa = PBXNativeTarget;
			buildConfigurationList = 358C10802807174D000D7782 /* Build configuration list for PBXNativeTarget "Netfilx Clone" */;
			buildPhases = (
				358C10682807174A000D7782 /* Sources */,
				358C10692807174A000D7782 /* Frameworks */,
				358C106A2807174A000D7782 /* Resources */,
			);
			buildRules = (
			);
			dependencies = (
			);
			name = "Netfilx Clone";
			productName = "Netfilx Clone";
			productReference = 358C106C2807174A000D7782 /* Netfilx Clone.app */;
			productType = "com.apple.product-type.application";
		};
/* End PBXNativeTarget section */

/* Begin PBXProject section */
		358C10642807174A000D7782 /* Project object */ = {
			isa = PBXProject;
			attributes = {
				BuildIndependentTargetsInParallel = 1;
				LastSwiftUpdateCheck = 1310;
				LastUpgradeCheck = 1310;
				TargetAttributes = {
					358C106B2807174A000D7782 = {
						CreatedOnToolsVersion = 13.1;
					};
				};
			};
			buildConfigurationList = 358C10672807174A000D7782 /* Build configuration list for PBXProject "Netfilx Clone" */;
			compatibilityVersion = "Xcode 13.0";
			developmentRegion = en;
			hasScannedForEncodings = 0;
			knownRegions = (
				en,
				Base,
			);
			mainGroup = 358C10632807174A000D7782;
			productRefGroup = 358C106D2807174A000D7782 /* Products */;
			projectDirPath = "";
			projectRoot = "";
			targets = (
				358C106B2807174A000D7782 /* Netfilx Clone */,
			);
		};
/* End PBXProject section */

/* Begin PBXResourcesBuildPhase section */
		358C106A2807174A000D7782 /* Resources */ = {
			isa = PBXResourcesBuildPhase;
			buildActionMask = 2147483647;
			files = (
				358C107C2807174D000D7782 /* LaunchScreen.storyboard in Resources */,
				358C10792807174D000D7782 /* Assets.xcassets in Resources */,
			);
			runOnlyForDeploymentPostprocessing = 0;
		};
/* End PBXResourcesBuildPhase section */

/* Begin PBXSourcesBuildPhase section */
		358C10682807174A000D7782 /* Sources */ = {
			isa = PBXSourcesBuildPhase;
			buildActionMask = 2147483647;
			files = (
				35A739F328081421001070F0 /* SearchViewController.swift in Sources */,
				35D36AA2282BDA3E0032BEE4 /* MovieData.swift in Sources */,
				358C10742807174A000D7782 /* MainTabBarViewController.swift in Sources */,
				3557D860281D8899007218FB /* CollectionViewTableViewCell.swift in Sources */,
				3557D862281D90BD007218FB /* HeroHeaderUIView.swift in Sources */,
				358C10702807174A000D7782 /* AppDelegate.swift in Sources */,
				35D36AA6282D16750032BEE4 /* TVData.swift in Sources */,
				358C10722807174A000D7782 /* SceneDelegate.swift in Sources */,
				35D36AA4282CBA320032BEE4 /* Extensions.swift in Sources */,
				3557D864281E7A73007218FB /* APIService.swift in Sources */,
				35A739F12808140A001070F0 /* UpcomingViewController.swift in Sources */,
				35A739EF28081343001070F0 /* HomeViewController.swift in Sources */,
				35A739F528081457001070F0 /* DownLoadViewController.swift in Sources */,
			);
			runOnlyForDeploymentPostprocessing = 0;
		};
/* End PBXSourcesBuildPhase section */

/* Begin PBXVariantGroup section */
		358C107A2807174D000D7782 /* LaunchScreen.storyboard */ = {
			isa = PBXVariantGroup;
			children = (
				358C107B2807174D000D7782 /* Base */,
			);
			name = LaunchScreen.storyboard;
			sourceTree = "<group>";
		};
/* End PBXVariantGroup section */

/* Begin XCBuildConfiguration section */
		358C107E2807174D000D7782 /* Debug */ = {
			isa = XCBuildConfiguration;
			buildSettings = {
				ALWAYS_SEARCH_USER_PATHS = NO;
				CLANG_ANALYZER_NONNULL = YES;
				CLANG_ANALYZER_NUMBER_OBJECT_CONVERSION = YES_AGGRESSIVE;
				CLANG_CXX_LANGUAGE_STANDARD = "gnu++17";
				CLANG_CXX_LIBRARY = "libc++";
				CLANG_ENABLE_MODULES = YES;
				CLANG_ENABLE_OBJC_ARC = YES;
				CLANG_ENABLE_OBJC_WEAK = YES;
				CLANG_WARN_BLOCK_CAPTURE_AUTORELEASING = YES;
				CLANG_WARN_BOOL_CONVERSION = YES;
				CLANG_WARN_COMMA = YES;
				CLANG_WARN_CONSTANT_CONVERSION = YES;
				CLANG_WARN_DEPRECATED_OBJC_IMPLEMENTATIONS = YES;
				CLANG_WARN_DIRECT_OBJC_ISA_USAGE = YES_ERROR;
				CLANG_WARN_DOCUMENTATION_COMMENTS = YES;
				CLANG_WARN_EMPTY_BODY = YES;
				CLANG_WARN_ENUM_CONVERSION = YES;
				CLANG_WARN_INFINITE_RECURSION = YES;
				CLANG_WARN_INT_CONVERSION = YES;
				CLANG_WARN_NON_LITERAL_NULL_CONVERSION = YES;
				CLANG_WARN_OBJC_IMPLICIT_RETAIN_SELF = YES;
				CLANG_WARN_OBJC_LITERAL_CONVERSION = YES;
				CLANG_WARN_OBJC_ROOT_CLASS = YES_ERROR;
				CLANG_WARN_QUOTED_INCLUDE_IN_FRAMEWORK_HEADER = YES;
				CLANG_WARN_RANGE_LOOP_ANALYSIS = YES;
				CLANG_WARN_STRICT_PROTOTYPES = YES;
				CLANG_WARN_SUSPICIOUS_MOVE = YES;
				CLANG_WARN_UNGUARDED_AVAILABILITY = YES_AGGRESSIVE;
				CLANG_WARN_UNREACHABLE_CODE = YES;
				CLANG_WARN__DUPLICATE_METHOD_MATCH = YES;
				COPY_PHASE_STRIP = NO;
				DEBUG_INFORMATION_FORMAT = dwarf;
				ENABLE_STRICT_OBJC_MSGSEND = YES;
				ENABLE_TESTABILITY = YES;
				GCC_C_LANGUAGE_STANDARD = gnu11;
				GCC_DYNAMIC_NO_PIC = NO;
				GCC_NO_COMMON_BLOCKS = YES;
				GCC_OPTIMIZATION_LEVEL = 0;
				GCC_PREPROCESSOR_DEFINITIONS = (
					"DEBUG=1",
					"$(inherited)",
				);
				GCC_WARN_64_TO_32_BIT_CONVERSION = YES;
				GCC_WARN_ABOUT_RETURN_TYPE = YES_ERROR;
				GCC_WARN_UNDECLARED_SELECTOR = YES;
				GCC_WARN_UNINITIALIZED_AUTOS = YES_AGGRESSIVE;
				GCC_WARN_UNUSED_FUNCTION = YES;
				GCC_WARN_UNUSED_VARIABLE = YES;
				IPHONEOS_DEPLOYMENT_TARGET = 15.0;
				MTL_ENABLE_DEBUG_INFO = INCLUDE_SOURCE;
				MTL_FAST_MATH = YES;
				ONLY_ACTIVE_ARCH = YES;
				SDKROOT = iphoneos;
				SWIFT_ACTIVE_COMPILATION_CONDITIONS = DEBUG;
				SWIFT_OPTIMIZATION_LEVEL = "-Onone";
			};
			name = Debug;
		};
		358C107F2807174D000D7782 /* Release */ = {
			isa = XCBuildConfiguration;
			buildSettings = {
				ALWAYS_SEARCH_USER_PATHS = NO;
				CLANG_ANALYZER_NONNULL = YES;
				CLANG_ANALYZER_NUMBER_OBJECT_CONVERSION = YES_AGGRESSIVE;
				CLANG_CXX_LANGUAGE_STANDARD = "gnu++17";
				CLANG_CXX_LIBRARY = "libc++";
				CLANG_ENABLE_MODULES = YES;
				CLANG_ENABLE_OBJC_ARC = YES;
				CLANG_ENABLE_OBJC_WEAK = YES;
				CLANG_WARN_BLOCK_CAPTURE_AUTORELEASING = YES;
				CLANG_WARN_BOOL_CONVERSION = YES;
				CLANG_WARN_COMMA = YES;
				CLANG_WARN_CONSTANT_CONVERSION = YES;
				CLANG_WARN_DEPRECATED_OBJC_IMPLEMENTATIONS = YES;
				CLANG_WARN_DIRECT_OBJC_ISA_USAGE = YES_ERROR;
				CLANG_WARN_DOCUMENTATION_COMMENTS = YES;
				CLANG_WARN_EMPTY_BODY = YES;
				CLANG_WARN_ENUM_CONVERSION = YES;
				CLANG_WARN_INFINITE_RECURSION = YES;
				CLANG_WARN_INT_CONVERSION = YES;
				CLANG_WARN_NON_LITERAL_NULL_CONVERSION = YES;
				CLANG_WARN_OBJC_IMPLICIT_RETAIN_SELF = YES;
				CLANG_WARN_OBJC_LITERAL_CONVERSION = YES;
				CLANG_WARN_OBJC_ROOT_CLASS = YES_ERROR;
				CLANG_WARN_QUOTED_INCLUDE_IN_FRAMEWORK_HEADER = YES;
				CLANG_WARN_RANGE_LOOP_ANALYSIS = YES;
				CLANG_WARN_STRICT_PROTOTYPES = YES;
				CLANG_WARN_SUSPICIOUS_MOVE = YES;
				CLANG_WARN_UNGUARDED_AVAILABILITY = YES_AGGRESSIVE;
				CLANG_WARN_UNREACHABLE_CODE = YES;
				CLANG_WARN__DUPLICATE_METHOD_MATCH = YES;
				COPY_PHASE_STRIP = NO;
				DEBUG_INFORMATION_FORMAT = "dwarf-with-dsym";
				ENABLE_NS_ASSERTIONS = NO;
				ENABLE_STRICT_OBJC_MSGSEND = YES;
				GCC_C_LANGUAGE_STANDARD = gnu11;
				GCC_NO_COMMON_BLOCKS = YES;
				GCC_WARN_64_TO_32_BIT_CONVERSION = YES;
				GCC_WARN_ABOUT_RETURN_TYPE = YES_ERROR;
				GCC_WARN_UNDECLARED_SELECTOR = YES;
				GCC_WARN_UNINITIALIZED_AUTOS = YES_AGGRESSIVE;
				GCC_WARN_UNUSED_FUNCTION = YES;
				GCC_WARN_UNUSED_VARIABLE = YES;
				IPHONEOS_DEPLOYMENT_TARGET = 15.0;
				MTL_ENABLE_DEBUG_INFO = NO;
				MTL_FAST_MATH = YES;
				SDKROOT = iphoneos;
				SWIFT_COMPILATION_MODE = wholemodule;
				SWIFT_OPTIMIZATION_LEVEL = "-O";
				VALIDATE_PRODUCT = YES;
			};
			name = Release;
		};
		358C10812807174D000D7782 /* Debug */ = {
			isa = XCBuildConfiguration;
			buildSettings = {
				ASSETCATALOG_COMPILER_APPICON_NAME = AppIcon;
				ASSETCATALOG_COMPILER_GLOBAL_ACCENT_COLOR_NAME = AccentColor;
				CODE_SIGN_STYLE = Automatic;
				CURRENT_PROJECT_VERSION = 1;
				DEVELOPMENT_TEAM = 9996ZW26CS;
				GENERATE_INFOPLIST_FILE = YES;
				INFOPLIST_FILE = "Netfilx Clone/Info.plist";
				INFOPLIST_KEY_UIApplicationSupportsIndirectInputEvents = YES;
				INFOPLIST_KEY_UILaunchStoryboardName = LaunchScreen;
				INFOPLIST_KEY_UISupportedInterfaceOrientations_iPad = "UIInterfaceOrientationPortrait UIInterfaceOrientationPortraitUpsideDown UIInterfaceOrientationLandscapeLeft UIInterfaceOrientationLandscapeRight";
				INFOPLIST_KEY_UISupportedInterfaceOrientations_iPhone = "UIInterfaceOrientationPortrait UIInterfaceOrientationLandscapeLeft UIInterfaceOrientationLandscapeRight";
				LD_RUNPATH_SEARCH_PATHS = (
					"$(inherited)",
					"@executable_path/Frameworks",
				);
				MARKETING_VERSION = 1.0;
				PRODUCT_BUNDLE_IDENTIFIER = "com.superdie.Netfilx-Clone";
				PRODUCT_NAME = "$(TARGET_NAME)";
				SWIFT_EMIT_LOC_STRINGS = YES;
				SWIFT_VERSION = 5.0;
				TARGETED_DEVICE_FAMILY = "1,2";
			};
			name = Debug;
		};
		358C10822807174D000D7782 /* Release */ = {
			isa = XCBuildConfiguration;
			buildSettings = {
				ASSETCATALOG_COMPILER_APPICON_NAME = AppIcon;
				ASSETCATALOG_COMPILER_GLOBAL_ACCENT_COLOR_NAME = AccentColor;
				CODE_SIGN_STYLE = Automatic;
				CURRENT_PROJECT_VERSION = 1;
				DEVELOPMENT_TEAM = 9996ZW26CS;
				GENERATE_INFOPLIST_FILE = YES;
				INFOPLIST_FILE = "Netfilx Clone/Info.plist";
				INFOPLIST_KEY_UIApplicationSupportsIndirectInputEvents = YES;
				INFOPLIST_KEY_UILaunchStoryboardName = LaunchScreen;
				INFOPLIST_KEY_UISupportedInterfaceOrientations_iPad = "UIInterfaceOrientationPortrait UIInterfaceOrientationPortraitUpsideDown UIInterfaceOrientationLandscapeLeft UIInterfaceOrientationLandscapeRight";
				INFOPLIST_KEY_UISupportedInterfaceOrientations_iPhone = "UIInterfaceOrientationPortrait UIInterfaceOrientationLandscapeLeft UIInterfaceOrientationLandscapeRight";
				LD_RUNPATH_SEARCH_PATHS = (
					"$(inherited)",
					"@executable_path/Frameworks",
				);
				MARKETING_VERSION = 1.0;
				PRODUCT_BUNDLE_IDENTIFIER = "com.superdie.Netfilx-Clone";
				PRODUCT_NAME = "$(TARGET_NAME)";
				SWIFT_EMIT_LOC_STRINGS = YES;
				SWIFT_VERSION = 5.0;
				TARGETED_DEVICE_FAMILY = "1,2";
			};
			name = Release;
		};
/* End XCBuildConfiguration section */

/* Begin XCConfigurationList section */
		358C10672807174A000D7782 /* Build configuration list for PBXProject "Netfilx Clone" */ = {
			isa = XCConfigurationList;
			buildConfigurations = (
				358C107E2807174D000D7782 /* Debug */,
				358C107F2807174D000D7782 /* Release */,
			);
			defaultConfigurationIsVisible = 0;
			defaultConfigurationName = Release;
		};
		358C10802807174D000D7782 /* Build configuration list for PBXNativeTarget "Netfilx Clone" */ = {
			isa = XCConfigurationList;
			buildConfigurations = (
				358C10812807174D000D7782 /* Debug */,
				358C10822807174D000D7782 /* Release */,
			);
			defaultConfigurationIsVisible = 0;
			defaultConfigurationName = Release;
		};
/* End XCConfigurationList section */
	};
	rootObject = 358C10642807174A000D7782 /* Project object */;
}
